
Microsoft Visual Studio Solution File, Format Version 12.00
# Visual Studio Version 17
VisualStudioVersion = 17.4.33122.133
MinimumVisualStudioVersion = 10.0.40219.1
Project("{FAE04EC0-301F-11D3-BF4B-00C04F79EFBC}") = "Spelbutiken (Labb 3)", "Spelbutiken (Labb 3)\Spelbutiken (Labb 3).csproj", "{02FB7D83-05D6-4EBB-8849-A78FE9FE4A33}"
EndProject
Global
	GlobalSection(SolutionConfigurationPlatforms) = preSolution
		Debug|Any CPU = Debug|Any CPU
		Release|Any CPU = Release|Any CPU
	EndGlobalSection
	GlobalSection(ProjectConfigurationPlatforms) = postSolution
		{02FB7D83-05D6-4EBB-8849-A78FE9FE4A33}.Debug|Any CPU.ActiveCfg = Debug|Any CPU
		{02FB7D83-05D6-4EBB-8849-A78FE9FE4A33}.Debug|Any CPU.Build.0 = Debug|Any CPU
		{02FB7D83-05D6-4EBB-8849-A78FE9FE4A33}.Release|Any CPU.ActiveCfg = Release|Any CPU
		{02FB7D83-05D6-4EBB-8849-A78FE9FE4A33}.Release|Any CPU.Build.0 = Release|Any CPU
	EndGlobalSection
	GlobalSection(SolutionProperties) = preSolution
		HideSolutionNode = FALSE
	EndGlobalSection
	GlobalSection(ExtensibilityGlobals) = postSolution
		SolutionGuid = {5E9F4D8F-EEC2-42A9-B8D3-B186CF554E4B}
	EndGlobalSection
EndGlobal
